
Microsoft Visual Studio Solution File, Format Version 12.00
# Visual Studio 15
VisualStudioVersion = 15.0.33529.398
MinimumVisualStudioVersion = 10.0.40219.1
Project("{FAE04EC0-301F-11D3-BF4B-00C04F79EFBC}") = "Consolidados.EntityLayer", "Consolidados.EntityLayer\Consolidados.EntityLayer.csproj", "{0261C96A-676F-48A2-AEE8-4DEAACA4396C}"
EndProject
Project("{FAE04EC0-301F-11D3-BF4B-00C04F79EFBC}") = "Consolidados.DataLayer", "Consolidados.DataLayer\Consolidados.DataLayer.csproj", "{87B82823-A7C2-404C-958F-69A9E49FBC66}"
EndProject
Project("{FAE04EC0-301F-11D3-BF4B-00C04F79EFBC}") = "Consolidados.BusinessLayer", "Consolidados.BusinessLayer\Consolidados.BusinessLayer.csproj", "{B3FF104C-AC95-4F06-948C-A15B2619A699}"
EndProject
Project("{FAE04EC0-301F-11D3-BF4B-00C04F79EFBC}") = "Consolidados.Desktop", "Consolidados.Desktop\Consolidados.Desktop.csproj", "{75095AD2-C3A1-4C19-AE46-65D2FA0C9CFA}"
EndProject
Project("{FAE04EC0-301F-11D3-BF4B-00C04F79EFBC}") = "Consolidados.AdminLayer", "Consolidados.AdminLayer\Consolidados.AdminLayer.csproj", "{E937ED2B-A744-49A5-BC9F-63FFC1EAC4A2}"
EndProject
Project("{FAE04EC0-301F-11D3-BF4B-00C04F79EFBC}") = "Consolidados.ClientLayer", "Consolidados.ClientLayer\Consolidados.ClientLayer.csproj", "{51E2BA7D-E808-4C6B-B408-C33C8B602CBC}"
EndProject
Project("{FAE04EC0-301F-11D3-BF4B-00C04F79EFBC}") = "Consolidados.Consola", "Consolidados.Consola\Consolidados.Consola.csproj", "{F2288832-AF25-40A4-9363-811AA0FFBDAC}"
EndProject
Project("{FAE04EC0-301F-11D3-BF4B-00C04F79EFBC}") = "Consolidados.Escritorio", "Consolidados.Escritorio\Consolidados.Escritorio.csproj", "{4C55B223-765D-4B49-810D-42807A629ED0}"
EndProject
Global
	GlobalSection(SolutionConfigurationPlatforms) = preSolution
		Debug|Any CPU = Debug|Any CPU
		Debug|iPhone = Debug|iPhone
		Debug|iPhoneSimulator = Debug|iPhoneSimulator
		Release|Any CPU = Release|Any CPU
		Release|iPhone = Release|iPhone
		Release|iPhoneSimulator = Release|iPhoneSimulator
	EndGlobalSection
	GlobalSection(ProjectConfigurationPlatforms) = postSolution
		{0261C96A-676F-48A2-AEE8-4DEAACA4396C}.Debug|Any CPU.ActiveCfg = Debug|Any CPU
		{0261C96A-676F-48A2-AEE8-4DEAACA4396C}.Debug|Any CPU.Build.0 = Debug|Any CPU
		{0261C96A-676F-48A2-AEE8-4DEAACA4396C}.Debug|iPhone.ActiveCfg = Debug|Any CPU
		{0261C96A-676F-48A2-AEE8-4DEAACA4396C}.Debug|iPhone.Build.0 = Debug|Any CPU
		{0261C96A-676F-48A2-AEE8-4DEAACA4396C}.Debug|iPhoneSimulator.ActiveCfg = Debug|Any CPU
		{0261C96A-676F-48A2-AEE8-4DEAACA4396C}.Debug|iPhoneSimulator.Build.0 = Debug|Any CPU
		{0261C96A-676F-48A2-AEE8-4DEAACA4396C}.Release|Any CPU.ActiveCfg = Release|Any CPU
		{0261C96A-676F-48A2-AEE8-4DEAACA4396C}.Release|Any CPU.Build.0 = Release|Any CPU
		{0261C96A-676F-48A2-AEE8-4DEAACA4396C}.Release|iPhone.ActiveCfg = Release|Any CPU
		{0261C96A-676F-48A2-AEE8-4DEAACA4396C}.Release|iPhone.Build.0 = Release|Any CPU
		{0261C96A-676F-48A2-AEE8-4DEAACA4396C}.Release|iPhoneSimulator.ActiveCfg = Release|Any CPU
		{0261C96A-676F-48A2-AEE8-4DEAACA4396C}.Release|iPhoneSimulator.Build.0 = Release|Any CPU
		{87B82823-A7C2-404C-958F-69A9E49FBC66}.Debug|Any CPU.ActiveCfg = Debug|Any CPU
		{87B82823-A7C2-404C-958F-69A9E49FBC66}.Debug|Any CPU.Build.0 = Debug|Any CPU
		{87B82823-A7C2-404C-958F-69A9E49FBC66}.Debug|iPhone.ActiveCfg = Debug|Any CPU
		{87B82823-A7C2-404C-958F-69A9E49FBC66}.Debug|iPhone.Build.0 = Debug|Any CPU
		{87B82823-A7C2-404C-958F-69A9E49FBC66}.Debug|iPhoneSimulator.ActiveCfg = Debug|Any CPU
		{87B82823-A7C2-404C-958F-69A9E49FBC66}.Debug|iPhoneSimulator.Build.0 = Debug|Any CPU
		{87B82823-A7C2-404C-958F-69A9E49FBC66}.Release|Any CPU.ActiveCfg = Release|Any CPU
		{87B82823-A7C2-404C-958F-69A9E49FBC66}.Release|Any CPU.Build.0 = Release|Any CPU
		{87B82823-A7C2-404C-958F-69A9E49FBC66}.Release|iPhone.ActiveCfg = Release|Any CPU
		{87B82823-A7C2-404C-958F-69A9E49FBC66}.Release|iPhone.Build.0 = Release|Any CPU
		{87B82823-A7C2-404C-958F-69A9E49FBC66}.Release|iPhoneSimulator.ActiveCfg = Release|Any CPU
		{87B82823-A7C2-404C-958F-69A9E49FBC66}.Release|iPhoneSimulator.Build.0 = Release|Any CPU
		{B3FF104C-AC95-4F06-948C-A15B2619A699}.Debug|Any CPU.ActiveCfg = Debug|Any CPU
		{B3FF104C-AC95-4F06-948C-A15B2619A699}.Debug|Any CPU.Build.0 = Debug|Any CPU
		{B3FF104C-AC95-4F06-948C-A15B2619A699}.Debug|iPhone.ActiveCfg = Debug|Any CPU
		{B3FF104C-AC95-4F06-948C-A15B2619A699}.Debug|iPhone.Build.0 = Debug|Any CPU
		{B3FF104C-AC95-4F06-948C-A15B2619A699}.Debug|iPhoneSimulator.ActiveCfg = Debug|Any CPU
		{B3FF104C-AC95-4F06-948C-A15B2619A699}.Debug|iPhoneSimulator.Build.0 = Debug|Any CPU
		{B3FF104C-AC95-4F06-948C-A15B2619A699}.Release|Any CPU.ActiveCfg = Release|Any CPU
		{B3FF104C-AC95-4F06-948C-A15B2619A699}.Release|Any CPU.Build.0 = Release|Any CPU
		{B3FF104C-AC95-4F06-948C-A15B2619A699}.Release|iPhone.ActiveCfg = Release|Any CPU
		{B3FF104C-AC95-4F06-948C-A15B2619A699}.Release|iPhone.Build.0 = Release|Any CPU
		{B3FF104C-AC95-4F06-948C-A15B2619A699}.Release|iPhoneSimulator.ActiveCfg = Release|Any CPU
		{B3FF104C-AC95-4F06-948C-A15B2619A699}.Release|iPhoneSimulator.Build.0 = Release|Any CPU
		{75095AD2-C3A1-4C19-AE46-65D2FA0C9CFA}.Debug|Any CPU.ActiveCfg = Debug|Any CPU
		{75095AD2-C3A1-4C19-AE46-65D2FA0C9CFA}.Debug|Any CPU.Build.0 = Debug|Any CPU
		{75095AD2-C3A1-4C19-AE46-65D2FA0C9CFA}.Debug|iPhone.ActiveCfg = Debug|Any CPU
		{75095AD2-C3A1-4C19-AE46-65D2FA0C9CFA}.Debug|iPhone.Build.0 = Debug|Any CPU
		{75095AD2-C3A1-4C19-AE46-65D2FA0C9CFA}.Debug|iPhoneSimulator.ActiveCfg = Debug|Any CPU
		{75095AD2-C3A1-4C19-AE46-65D2FA0C9CFA}.Debug|iPhoneSimulator.Build.0 = Debug|Any CPU
		{75095AD2-C3A1-4C19-AE46-65D2FA0C9CFA}.Release|Any CPU.ActiveCfg = Release|Any CPU
		{75095AD2-C3A1-4C19-AE46-65D2FA0C9CFA}.Release|Any CPU.Build.0 = Release|Any CPU
		{75095AD2-C3A1-4C19-AE46-65D2FA0C9CFA}.Release|iPhone.ActiveCfg = Release|Any CPU
		{75095AD2-C3A1-4C19-AE46-65D2FA0C9CFA}.Release|iPhone.Build.0 = Release|Any CPU
		{75095AD2-C3A1-4C19-AE46-65D2FA0C9CFA}.Release|iPhoneSimulator.ActiveCfg = Release|Any CPU
		{75095AD2-C3A1-4C19-AE46-65D2FA0C9CFA}.Release|iPhoneSimulator.Build.0 = Release|Any CPU
		{E937ED2B-A744-49A5-BC9F-63FFC1EAC4A2}.Debug|Any CPU.ActiveCfg = Debug|Any CPU
		{E937ED2B-A744-49A5-BC9F-63FFC1EAC4A2}.Debug|Any CPU.Build.0 = Debug|Any CPU
		{E937ED2B-A744-49A5-BC9F-63FFC1EAC4A2}.Debug|iPhone.ActiveCfg = Debug|Any CPU
		{E937ED2B-A744-49A5-BC9F-63FFC1EAC4A2}.Debug|iPhone.Build.0 = Debug|Any CPU
		{E937ED2B-A744-49A5-BC9F-63FFC1EAC4A2}.Debug|iPhoneSimulator.ActiveCfg = Debug|Any CPU
		{E937ED2B-A744-49A5-BC9F-63FFC1EAC4A2}.Debug|iPhoneSimulator.Build.0 = Debug|Any CPU
		{E937ED2B-A744-49A5-BC9F-63FFC1EAC4A2}.Release|Any CPU.ActiveCfg = Release|Any CPU
		{E937ED2B-A744-49A5-BC9F-63FFC1EAC4A2}.Release|Any CPU.Build.0 = Release|Any CPU
		{E937ED2B-A744-49A5-BC9F-63FFC1EAC4A2}.Release|iPhone.ActiveCfg = Release|Any CPU
		{E937ED2B-A744-49A5-BC9F-63FFC1EAC4A2}.Release|iPhone.Build.0 = Release|Any CPU
		{E937ED2B-A744-49A5-BC9F-63FFC1EAC4A2}.Release|iPhoneSimulator.ActiveCfg = Release|Any CPU
		{E937ED2B-A744-49A5-BC9F-63FFC1EAC4A2}.Release|iPhoneSimulator.Build.0 = Release|Any CPU
		{51E2BA7D-E808-4C6B-B408-C33C8B602CBC}.Debug|Any CPU.ActiveCfg = Debug|Any CPU
		{51E2BA7D-E808-4C6B-B408-C33C8B602CBC}.Debug|Any CPU.Build.0 = Debug|Any CPU
		{51E2BA7D-E808-4C6B-B408-C33C8B602CBC}.Debug|iPhone.ActiveCfg = Debug|Any CPU
		{51E2BA7D-E808-4C6B-B408-C33C8B602CBC}.Debug|iPhone.Build.0 = Debug|Any CPU
		{51E2BA7D-E808-4C6B-B408-C33C8B602CBC}.Debug|iPhoneSimulator.ActiveCfg = Debug|Any CPU
		{51E2BA7D-E808-4C6B-B408-C33C8B602CBC}.Debug|iPhoneSimulator.Build.0 = Debug|Any CPU
		{51E2BA7D-E808-4C6B-B408-C33C8B602CBC}.Release|Any CPU.ActiveCfg = Release|Any CPU
		{51E2BA7D-E808-4C6B-B408-C33C8B602CBC}.Release|Any CPU.Build.0 = Release|Any CPU
		{51E2BA7D-E808-4C6B-B408-C33C8B602CBC}.Release|iPhone.ActiveCfg = Release|Any CPU
		{51E2BA7D-E808-4C6B-B408-C33C8B602CBC}.Release|iPhone.Build.0 = Release|Any CPU
		{51E2BA7D-E808-4C6B-B408-C33C8B602CBC}.Release|iPhoneSimulator.ActiveCfg = Release|Any CPU
		{51E2BA7D-E808-4C6B-B408-C33C8B602CBC}.Release|iPhoneSimulator.Build.0 = Release|Any CPU
		{F2288832-AF25-40A4-9363-811AA0FFBDAC}.Debug|Any CPU.ActiveCfg = Debug|Any CPU
		{F2288832-AF25-40A4-9363-811AA0FFBDAC}.Debug|Any CPU.Build.0 = Debug|Any CPU
		{F2288832-AF25-40A4-9363-811AA0FFBDAC}.Debug|iPhone.ActiveCfg = Debug|Any CPU
		{F2288832-AF25-40A4-9363-811AA0FFBDAC}.Debug|iPhone.Build.0 = Debug|Any CPU
		{F2288832-AF25-40A4-9363-811AA0FFBDAC}.Debug|iPhoneSimulator.ActiveCfg = Debug|Any CPU
		{F2288832-AF25-40A4-9363-811AA0FFBDAC}.Debug|iPhoneSimulator.Build.0 = Debug|Any CPU
		{F2288832-AF25-40A4-9363-811AA0FFBDAC}.Release|Any CPU.ActiveCfg = Release|Any CPU
		{F2288832-AF25-40A4-9363-811AA0FFBDAC}.Release|Any CPU.Build.0 = Release|Any CPU
		{F2288832-AF25-40A4-9363-811AA0FFBDAC}.Release|iPhone.ActiveCfg = Release|Any CPU
		{F2288832-AF25-40A4-9363-811AA0FFBDAC}.Release|iPhone.Build.0 = Release|Any CPU
		{F2288832-AF25-40A4-9363-811AA0FFBDAC}.Release|iPhoneSimulator.ActiveCfg = Release|Any CPU
		{F2288832-AF25-40A4-9363-811AA0FFBDAC}.Release|iPhoneSimulator.Build.0 = Release|Any CPU
		{4C55B223-765D-4B49-810D-42807A629ED0}.Debug|Any CPU.ActiveCfg = Debug|Any CPU
		{4C55B223-765D-4B49-810D-42807A629ED0}.Debug|Any CPU.Build.0 = Debug|Any CPU
		{4C55B223-765D-4B49-810D-42807A629ED0}.Debug|iPhone.ActiveCfg = Debug|Any CPU
		{4C55B223-765D-4B49-810D-42807A629ED0}.Debug|iPhone.Build.0 = Debug|Any CPU
		{4C55B223-765D-4B49-810D-42807A629ED0}.Debug|iPhoneSimulator.ActiveCfg = Debug|Any CPU
		{4C55B223-765D-4B49-810D-42807A629ED0}.Debug|iPhoneSimulator.Build.0 = Debug|Any CPU
		{4C55B223-765D-4B49-810D-42807A629ED0}.Release|Any CPU.ActiveCfg = Release|Any CPU
		{4C55B223-765D-4B49-810D-42807A629ED0}.Release|Any CPU.Build.0 = Release|Any CPU
		{4C55B223-765D-4B49-810D-42807A629ED0}.Release|iPhone.ActiveCfg = Release|Any CPU
		{4C55B223-765D-4B49-810D-42807A629ED0}.Release|iPhone.Build.0 = Release|Any CPU
		{4C55B223-765D-4B49-810D-42807A629ED0}.Release|iPhoneSimulator.ActiveCfg = Release|Any CPU
		{4C55B223-765D-4B49-810D-42807A629ED0}.Release|iPhoneSimulator.Build.0 = Release|Any CPU
	EndGlobalSection
	GlobalSection(SolutionProperties) = preSolution
		HideSolutionNode = FALSE
	EndGlobalSection
	GlobalSection(ExtensibilityGlobals) = postSolution
		SolutionGuid = {DF751A51-D0F4-41E8-8368-2E3E98533F39}
	EndGlobalSection
EndGlobal
